
Microsoft Visual Studio Solution File, Format Version 12.00
# Visual Studio Version 17
VisualStudioVersion = 17.14.36623.8 d17.14
MinimumVisualStudioVersion = 10.0.40219.1
Project("{FAE04EC0-301F-11D3-BF4B-00C04F79EFBC}") = "Task 1", "Task 1\Task 1.csproj", "{26871512-AEDE-4D8F-8001-61ADDDDD842D}"
EndProject
Project("{2150E333-8FDC-42A3-9474-1A3956D46DE8}") = "Solution Items", "Solution Items", "{8EC462FD-D22E-90A8-E5CE-7E832BA40C5D}"
	ProjectSection(SolutionItems) = preProject
		.gitignore = .gitignore
	EndProjectSection
EndProject
Project("{FAE04EC0-301F-11D3-BF4B-00C04F79EFBC}") = "Task 2", "Task 2\Task 2.csproj", "{886C232D-3980-466D-8CD5-CEC575B90F06}"
EndProject
Project("{FAE04EC0-301F-11D3-BF4B-00C04F79EFBC}") = "Task 3", "Task 3\Task 3.csproj", "{E406BCBA-942F-4A5B-B441-4EA43A6CA017}"
EndProject
Project("{FAE04EC0-301F-11D3-BF4B-00C04F79EFBC}") = "Task 4", "Task 4\Task 4.csproj", "{3DF2DC12-B63A-4B56-8D57-AB6869359F2F}"
EndProject
Project("{FAE04EC0-301F-11D3-BF4B-00C04F79EFBC}") = "Task 5", "Task 5\Task 5.csproj", "{D85030E2-8A73-4FE8-B83D-48C418AAB444}"
EndProject
Project("{FAE04EC0-301F-11D3-BF4B-00C04F79EFBC}") = "Task6", "Task6\Task6.csproj", "{CECABE78-1DD2-4474-8553-820EC8D4B7CD}"
EndProject
Global
	GlobalSection(SolutionConfigurationPlatforms) = preSolution
		Debug|Any CPU = Debug|Any CPU
		Release|Any CPU = Release|Any CPU
	EndGlobalSection
	GlobalSection(ProjectConfigurationPlatforms) = postSolution
		{26871512-AEDE-4D8F-8001-61ADDDDD842D}.Debug|Any CPU.ActiveCfg = Debug|Any CPU
		{26871512-AEDE-4D8F-8001-61ADDDDD842D}.Debug|Any CPU.Build.0 = Debug|Any CPU
		{26871512-AEDE-4D8F-8001-61ADDDDD842D}.Release|Any CPU.ActiveCfg = Release|Any CPU
		{26871512-AEDE-4D8F-8001-61ADDDDD842D}.Release|Any CPU.Build.0 = Release|Any CPU
		{886C232D-3980-466D-8CD5-CEC575B90F06}.Debug|Any CPU.ActiveCfg = Debug|Any CPU
		{886C232D-3980-466D-8CD5-CEC575B90F06}.Debug|Any CPU.Build.0 = Debug|Any CPU
		{886C232D-3980-466D-8CD5-CEC575B90F06}.Release|Any CPU.ActiveCfg = Release|Any CPU
		{886C232D-3980-466D-8CD5-CEC575B90F06}.Release|Any CPU.Build.0 = Release|Any CPU
		{E406BCBA-942F-4A5B-B441-4EA43A6CA017}.Debug|Any CPU.ActiveCfg = Debug|Any CPU
		{E406BCBA-942F-4A5B-B441-4EA43A6CA017}.Debug|Any CPU.Build.0 = Debug|Any CPU
		{E406BCBA-942F-4A5B-B441-4EA43A6CA017}.Release|Any CPU.ActiveCfg = Release|Any CPU
		{E406BCBA-942F-4A5B-B441-4EA43A6CA017}.Release|Any CPU.Build.0 = Release|Any CPU
		{3DF2DC12-B63A-4B56-8D57-AB6869359F2F}.Debug|Any CPU.ActiveCfg = Debug|Any CPU
		{3DF2DC12-B63A-4B56-8D57-AB6869359F2F}.Debug|Any CPU.Build.0 = Debug|Any CPU
		{3DF2DC12-B63A-4B56-8D57-AB6869359F2F}.Release|Any CPU.ActiveCfg = Release|Any CPU
		{3DF2DC12-B63A-4B56-8D57-AB6869359F2F}.Release|Any CPU.Build.0 = Release|Any CPU
		{D85030E2-8A73-4FE8-B83D-48C418AAB444}.Debug|Any CPU.ActiveCfg = Debug|Any CPU
		{D85030E2-8A73-4FE8-B83D-48C418AAB444}.Debug|Any CPU.Build.0 = Debug|Any CPU
		{D85030E2-8A73-4FE8-B83D-48C418AAB444}.Release|Any CPU.ActiveCfg = Release|Any CPU
		{D85030E2-8A73-4FE8-B83D-48C418AAB444}.Release|Any CPU.Build.0 = Release|Any CPU
		{CECABE78-1DD2-4474-8553-820EC8D4B7CD}.Debug|Any CPU.ActiveCfg = Debug|Any CPU
		{CECABE78-1DD2-4474-8553-820EC8D4B7CD}.Debug|Any CPU.Build.0 = Debug|Any CPU
		{CECABE78-1DD2-4474-8553-820EC8D4B7CD}.Release|Any CPU.ActiveCfg = Release|Any CPU
		{CECABE78-1DD2-4474-8553-820EC8D4B7CD}.Release|Any CPU.Build.0 = Release|Any CPU
	EndGlobalSection
	GlobalSection(SolutionProperties) = preSolution
		HideSolutionNode = FALSE
	EndGlobalSection
	GlobalSection(ExtensibilityGlobals) = postSolution
		SolutionGuid = {43B6AB80-3C34-4BC7-B49B-DB9FC15DC51D}
	EndGlobalSection
EndGlobal
